
Microsoft Visual Studio Solution File, Format Version 12.00
# Visual Studio 15
VisualStudioVersion = 15.0.28010.0
MinimumVisualStudioVersion = 10.0.40219.1
Project("{FAE04EC0-301F-11D3-BF4B-00C04F79EFBC}") = "SignalR.HubConnection.Leak", "SignalR.HubConnection.Leak\SignalR.HubConnection.Leak.csproj", "{0A0BB95A-FAC9-4FBF-B4FA-7DBB2D19919B}"
EndProject
Global
	GlobalSection(SolutionConfigurationPlatforms) = preSolution
		Debug|Any CPU = Debug|Any CPU
		Release|Any CPU = Release|Any CPU
	EndGlobalSection
	GlobalSection(ProjectConfigurationPlatforms) = postSolution
		{0A0BB95A-FAC9-4FBF-B4FA-7DBB2D19919B}.Debug|Any CPU.ActiveCfg = Debug|Any CPU
		{0A0BB95A-FAC9-4FBF-B4FA-7DBB2D19919B}.Debug|Any CPU.Build.0 = Debug|Any CPU
		{0A0BB95A-FAC9-4FBF-B4FA-7DBB2D19919B}.Release|Any CPU.ActiveCfg = Release|Any CPU
		{0A0BB95A-FAC9-4FBF-B4FA-7DBB2D19919B}.Release|Any CPU.Build.0 = Release|Any CPU
	EndGlobalSection
	GlobalSection(SolutionProperties) = preSolution
		HideSolutionNode = FALSE
	EndGlobalSection
	GlobalSection(ExtensibilityGlobals) = postSolution
		SolutionGuid = {0C8018B2-895C-4E1A-8F5E-389345C1B389}
	EndGlobalSection
EndGlobal
